// !$*UTF8*$!
{
	archiveVersion = 1;
	classes = {
	};
	objectVersion = 50;
	objects = {

/* Begin PBXBuildFile section */
		790CF28626126FF800E38933 /* AppDelegate.swift in Sources */ = {isa = PBXBuildFile; fileRef = 790CF28526126FF800E38933 /* AppDelegate.swift */; };
		790CF28826126FF800E38933 /* SceneDelegate.swift in Sources */ = {isa = PBXBuildFile; fileRef = 790CF28726126FF800E38933 /* SceneDelegate.swift */; };
		790CF28A26126FF800E38933 /* ViewController.swift in Sources */ = {isa = PBXBuildFile; fileRef = 790CF28926126FF800E38933 /* ViewController.swift */; };
		790CF28D26126FF800E38933 /* Main.storyboard in Resources */ = {isa = PBXBuildFile; fileRef = 790CF28B26126FF800E38933 /* Main.storyboard */; };
		790CF29026126FF800E38933 /* CarCollector.xcdatamodeld in Sources */ = {isa = PBXBuildFile; fileRef = 790CF28E26126FF800E38933 /* CarCollector.xcdatamodeld */; };
		790CF29226126FFB00E38933 /* Assets.xcassets in Resources */ = {isa = PBXBuildFile; fileRef = 790CF29126126FFB00E38933 /* Assets.xcassets */; };
		790CF29526126FFB00E38933 /* LaunchScreen.storyboard in Resources */ = {isa = PBXBuildFile; fileRef = 790CF29326126FFB00E38933 /* LaunchScreen.storyboard */; };
		790CF29E261276F700E38933 /* f8e21670-3e3a-45a8-8289-2dde3b888c91.JPG in Resources */ = {isa = PBXBuildFile; fileRef = 790CF29D261276F700E38933 /* f8e21670-3e3a-45a8-8289-2dde3b888c91.JPG */; };
		790CF2A126127A3F00E38933 /* CarViewController.swift in Sources */ = {isa = PBXBuildFile; fileRef = 790CF2A026127A3F00E38933 /* CarViewController.swift */; };
/* End PBXBuildFile section */

/* Begin PBXFileReference section */
		790CF28226126FF800E38933 /* CarCollector.app */ = {isa = PBXFileReference; explicitFileType = wrapper.application; includeInIndex = 0; path = CarCollector.app; sourceTree = BUILT_PRODUCTS_DIR; };
		790CF28526126FF800E38933 /* AppDelegate.swift */ = {isa = PBXFileReference; lastKnownFileType = sourcecode.swift; path = AppDelegate.swift; sourceTree = "<group>"; };
		790CF28726126FF800E38933 /* SceneDelegate.swift */ = {isa = PBXFileReference; lastKnownFileType = sourcecode.swift; path = SceneDelegate.swift; sourceTree = "<group>"; };
		790CF28926126FF800E38933 /* ViewController.swift */ = {isa = PBXFileReference; lastKnownFileType = sourcecode.swift; path = ViewController.swift; sourceTree = "<group>"; };
		790CF28C26126FF800E38933 /* Base */ = {isa = PBXFileReference; lastKnownFileType = file.storyboard; name = Base; path = Base.lproj/Main.storyboard; sourceTree = "<group>"; };
		790CF28F26126FF800E38933 /* CarCollector.xcdatamodel */ = {isa = PBXFileReference; lastKnownFileType = wrapper.xcdatamodel; path = CarCollector.xcdatamodel; sourceTree = "<group>"; };
		790CF29126126FFB00E38933 /* Assets.xcassets */ = {isa = PBXFileReference; lastKnownFileType = folder.assetcatalog; path = Assets.xcassets; sourceTree = "<group>"; };
		790CF29426126FFB00E38933 /* Base */ = {isa = PBXFileReference; lastKnownFileType = file.storyboard; name = Base; path = Base.lproj/LaunchScreen.storyboard; sourceTree = "<group>"; };
		790CF29626126FFB00E38933 /* Info.plist */ = {isa = PBXFileReference; lastKnownFileType = text.plist.xml; path = Info.plist; sourceTree = "<group>"; };
		790CF29D261276F700E38933 /* f8e21670-3e3a-45a8-8289-2dde3b888c91.JPG */ = {isa = PBXFileReference; lastKnownFileType = image.jpeg; path = "f8e21670-3e3a-45a8-8289-2dde3b888c91.JPG"; sourceTree = "<group>"; };
		790CF2A026127A3F00E38933 /* CarViewController.swift */ = {isa = PBXFileReference; lastKnownFileType = sourcecode.swift; path = CarViewController.swift; sourceTree = "<group>"; };
/* End PBXFileReference section */

/* Begin PBXFrameworksBuildPhase section */
		790CF27F26126FF700E38933 /* Frameworks */ = {
			isa = PBXFrameworksBuildPhase;
			buildActionMask = 2147483647;
			files = (
			);
			runOnlyForDeploymentPostprocessing = 0;
		};
/* End PBXFrameworksBuildPhase section */

/* Begin PBXGroup section */
		790CF27926126FF700E38933 = {
			isa = PBXGroup;
			children = (
				790CF28426126FF800E38933 /* CarCollector */,
				790CF28326126FF800E38933 /* Products */,
			);
			sourceTree = "<group>";
		};
		790CF28326126FF800E38933 /* Products */ = {
			isa = PBXGroup;
			children = (
				790CF28226126FF800E38933 /* CarCollector.app */,
			);
			name = Products;
			sourceTree = "<group>";
		};
		790CF28426126FF800E38933 /* CarCollector */ = {
			isa = PBXGroup;
			children = (
				790CF29D261276F700E38933 /* f8e21670-3e3a-45a8-8289-2dde3b888c91.JPG */,
				790CF28526126FF800E38933 /* AppDelegate.swift */,
				790CF28726126FF800E38933 /* SceneDelegate.swift */,
				790CF28926126FF800E38933 /* ViewController.swift */,
				790CF28B26126FF800E38933 /* Main.storyboard */,
				790CF2A026127A3F00E38933 /* CarViewController.swift */,
				790CF29126126FFB00E38933 /* Assets.xcassets */,
				790CF29326126FFB00E38933 /* LaunchScreen.storyboard */,
				790CF29626126FFB00E38933 /* Info.plist */,
				790CF28E26126FF800E38933 /* CarCollector.xcdatamodeld */,
			);
			path = CarCollector;
			sourceTree = "<group>";
		};
/* End PBXGroup section */

/* Begin PBXNativeTarget section */
		790CF28126126FF700E38933 /* CarCollector */ = {
			isa = PBXNativeTarget;
			buildConfigurationList = 790CF29926126FFB00E38933 /* Build configuration list for PBXNativeTarget "CarCollector" */;
			buildPhases = (
				790CF27E26126FF700E38933 /* Sources */,
				790CF27F26126FF700E38933 /* Frameworks */,
				790CF28026126FF700E38933 /* Resources */,
			);
			buildRules = (
			);
			dependencies = (
			);
			name = CarCollector;
			productName = CarCollector;
			productReference = 790CF28226126FF800E38933 /* CarCollector.app */;
			productType = "com.apple.product-type.application";
		};
/* End PBXNativeTarget section */

/* Begin PBXProject section */
		790CF27A26126FF700E38933 /* Project object */ = {
			isa = PBXProject;
			attributes = {
				LastSwiftUpdateCheck = 1240;
				LastUpgradeCheck = 1240;
				TargetAttributes = {
					790CF28126126FF700E38933 = {
						CreatedOnToolsVersion = 12.4;
					};
				};
			};
			buildConfigurationList = 790CF27D26126FF700E38933 /* Build configuration list for PBXProject "CarCollector" */;
			compatibilityVersion = "Xcode 9.3";
			developmentRegion = en;
			hasScannedForEncodings = 0;
			knownRegions = (
				en,
				Base,
			);
			mainGroup = 790CF27926126FF700E38933;
			productRefGroup = 790CF28326126FF800E38933 /* Products */;
			projectDirPath = "";
			projectRoot = "";
			targets = (
				790CF28126126FF700E38933 /* CarCollector */,
			);
		};
/* End PBXProject section */

/* Begin PBXResourcesBuildPhase section */
		790CF28026126FF700E38933 /* Resources */ = {
			isa = PBXResourcesBuildPhase;
			buildActionMask = 2147483647;
			files = (
				790CF29E261276F700E38933 /* f8e21670-3e3a-45a8-8289-2dde3b888c91.JPG in Resources */,
				790CF29526126FFB00E38933 /* LaunchScreen.storyboard in Resources */,
				790CF29226126FFB00E38933 /* Assets.xcassets in Resources */,
				790CF28D26126FF800E38933 /* Main.storyboard in Resources */,
			);
			runOnlyForDeploymentPostprocessing = 0;
		};
/* End PBXResourcesBuildPhase section */

/* Begin PBXSourcesBuildPhase section */
		790CF27E26126FF700E38933 /* Sources */ = {
			isa = PBXSourcesBuildPhase;
			buildActionMask = 2147483647;
			files = (
				790CF2A126127A3F00E38933 /* CarViewController.swift in Sources */,
				790CF28A26126FF800E38933 /* ViewController.swift in Sources */,
				790CF28626126FF800E38933 /* AppDelegate.swift in Sources */,
				790CF29026126FF800E38933 /* CarCollector.xcdatamodeld in Sources */,
				790CF28826126FF800E38933 /* SceneDelegate.swift in Sources */,
			);
			runOnlyForDeploymentPostprocessing = 0;
		};
/* End PBXSourcesBuildPhase section */

/* Begin PBXVariantGroup section */
		790CF28B26126FF800E38933 /* Main.storyboard */ = {
			isa = PBXVariantGroup;
			children = (
				790CF28C26126FF800E38933 /* Base */,
			);
			name = Main.storyboard;
			sourceTree = "<group>";
		};
		790CF29326126FFB00E38933 /* LaunchScreen.storyboard */ = {
			isa = PBXVariantGroup;
			children = (
				790CF29426126FFB00E38933 /* Base */,
			);
			name = LaunchScreen.storyboard;
			sourceTree = "<group>";
		};
/* End PBXVariantGroup section */

/* Begin XCBuildConfiguration section */
		790CF29726126FFB00E38933 /* Debug */ = {
			isa = XCBuildConfiguration;
			buildSettings = {
				ALWAYS_SEARCH_USER_PATHS = NO;
				CLANG_ANALYZER_NONNULL = YES;
				CLANG_ANALYZER_NUMBER_OBJECT_CONVERSION = YES_AGGRESSIVE;
				CLANG_CXX_LANGUAGE_STANDARD = "gnu++14";
				CLANG_CXX_LIBRARY = "libc++";
				CLANG_ENABLE_MODULES = YES;
				CLANG_ENABLE_OBJC_ARC = YES;
				CLANG_ENABLE_OBJC_WEAK = YES;
				CLANG_WARN_BLOCK_CAPTURE_AUTORELEASING = YES;
				CLANG_WARN_BOOL_CONVERSION = YES;
				CLANG_WARN_COMMA = YES;
				CLANG_WARN_CONSTANT_CONVERSION = YES;
				CLANG_WARN_DEPRECATED_OBJC_IMPLEMENTATIONS = YES;
				CLANG_WARN_DIRECT_OBJC_ISA_USAGE = YES_ERROR;
				CLANG_WARN_DOCUMENTATION_COMMENTS = YES;
				CLANG_WARN_EMPTY_BODY = YES;
				CLANG_WARN_ENUM_CONVERSION = YES;
				CLANG_WARN_INFINITE_RECURSION = YES;
				CLANG_WARN_INT_CONVERSION = YES;
				CLANG_WARN_NON_LITERAL_NULL_CONVERSION = YES;
				CLANG_WARN_OBJC_IMPLICIT_RETAIN_SELF = YES;
				CLANG_WARN_OBJC_LITERAL_CONVERSION = YES;
				CLANG_WARN_OBJC_ROOT_CLASS = YES_ERROR;
				CLANG_WARN_QUOTED_INCLUDE_IN_FRAMEWORK_HEADER = YES;
				CLANG_WARN_RANGE_LOOP_ANALYSIS = YES;
				CLANG_WARN_STRICT_PROTOTYPES = YES;
				CLANG_WARN_SUSPICIOUS_MOVE = YES;
				CLANG_WARN_UNGUARDED_AVAILABILITY = YES_AGGRESSIVE;
				CLANG_WARN_UNREACHABLE_CODE = YES;
				CLANG_WARN__DUPLICATE_METHOD_MATCH = YES;
				COPY_PHASE_STRIP = NO;
				DEBUG_INFORMATION_FORMAT = dwarf;
				ENABLE_STRICT_OBJC_MSGSEND = YES;
				ENABLE_TESTABILITY = YES;
				GCC_C_LANGUAGE_STANDARD = gnu11;
				GCC_DYNAMIC_NO_PIC = NO;
				GCC_NO_COMMON_BLOCKS = YES;
				GCC_OPTIMIZATION_LEVEL = 0;
				GCC_PREPROCESSOR_DEFINITIONS = (
					"DEBUG=1",
					"$(inherited)",
				);
				GCC_WARN_64_TO_32_BIT_CONVERSION = YES;
				GCC_WARN_ABOUT_RETURN_TYPE = YES_ERROR;
				GCC_WARN_UNDECLARED_SELECTOR = YES;
				GCC_WARN_UNINITIALIZED_AUTOS = YES_AGGRESSIVE;
				GCC_WARN_UNUSED_FUNCTION = YES;
				GCC_WARN_UNUSED_VARIABLE = YES;
				IPHONEOS_DEPLOYMENT_TARGET = 14.4;
				MTL_ENABLE_DEBUG_INFO = INCLUDE_SOURCE;
				MTL_FAST_MATH = YES;
				ONLY_ACTIVE_ARCH = YES;
				SDKROOT = iphoneos;
				SWIFT_ACTIVE_COMPILATION_CONDITIONS = DEBUG;
				SWIFT_OPTIMIZATION_LEVEL = "-Onone";
			};
			name = Debug;
		};
		790CF29826126FFB00E38933 /* Release */ = {
			isa = XCBuildConfiguration;
			buildSettings = {
				ALWAYS_SEARCH_USER_PATHS = NO;
				CLANG_ANALYZER_NONNULL = YES;
				CLANG_ANALYZER_NUMBER_OBJECT_CONVERSION = YES_AGGRESSIVE;
				CLANG_CXX_LANGUAGE_STANDARD = "gnu++14";
				CLANG_CXX_LIBRARY = "libc++";
				CLANG_ENABLE_MODULES = YES;
				CLANG_ENABLE_OBJC_ARC = YES;
				CLANG_ENABLE_OBJC_WEAK = YES;
				CLANG_WARN_BLOCK_CAPTURE_AUTORELEASING = YES;
				CLANG_WARN_BOOL_CONVERSION = YES;
				CLANG_WARN_COMMA = YES;
				CLANG_WARN_CONSTANT_CONVERSION = YES;
				CLANG_WARN_DEPRECATED_OBJC_IMPLEMENTATIONS = YES;
				CLANG_WARN_DIRECT_OBJC_ISA_USAGE = YES_ERROR;
				CLANG_WARN_DOCUMENTATION_COMMENTS = YES;
				CLANG_WARN_EMPTY_BODY = YES;
				CLANG_WARN_ENUM_CONVERSION = YES;
				CLANG_WARN_INFINITE_RECURSION = YES;
				CLANG_WARN_INT_CONVERSION = YES;
				CLANG_WARN_NON_LITERAL_NULL_CONVERSION = YES;
				CLANG_WARN_OBJC_IMPLICIT_RETAIN_SELF = YES;
				CLANG_WARN_OBJC_LITERAL_CONVERSION = YES;
				CLANG_WARN_OBJC_ROOT_CLASS = YES_ERROR;
				CLANG_WARN_QUOTED_INCLUDE_IN_FRAMEWORK_HEADER = YES;
				CLANG_WARN_RANGE_LOOP_ANALYSIS = YES;
				CLANG_WARN_STRICT_PROTOTYPES = YES;
				CLANG_WARN_SUSPICIOUS_MOVE = YES;
				CLANG_WARN_UNGUARDED_AVAILABILITY = YES_AGGRESSIVE;
				CLANG_WARN_UNREACHABLE_CODE = YES;
				CLANG_WARN__DUPLICATE_METHOD_MATCH = YES;
				COPY_PHASE_STRIP = NO;
				DEBUG_INFORMATION_FORMAT = "dwarf-with-dsym";
				ENABLE_NS_ASSERTIONS = NO;
				ENABLE_STRICT_OBJC_MSGSEND = YES;
				GCC_C_LANGUAGE_STANDARD = gnu11;
				GCC_NO_COMMON_BLOCKS = YES;
				GCC_WARN_64_TO_32_BIT_CONVERSION = YES;
				GCC_WARN_ABOUT_RETURN_TYPE = YES_ERROR;
				GCC_WARN_UNDECLARED_SELECTOR = YES;
				GCC_WARN_UNINITIALIZED_AUTOS = YES_AGGRESSIVE;
				GCC_WARN_UNUSED_FUNCTION = YES;
				GCC_WARN_UNUSED_VARIABLE = YES;
				IPHONEOS_DEPLOYMENT_TARGET = 14.4;
				MTL_ENABLE_DEBUG_INFO = NO;
				MTL_FAST_MATH = YES;
				SDKROOT = iphoneos;
				SWIFT_COMPILATION_MODE = wholemodule;
				SWIFT_OPTIMIZATION_LEVEL = "-O";
				VALIDATE_PRODUCT = YES;
			};
			name = Release;
		};
		790CF29A26126FFB00E38933 /* Debug */ = {
			isa = XCBuildConfiguration;
			buildSettings = {
				ASSETCATALOG_COMPILER_APPICON_NAME = AppIcon;
				ASSETCATALOG_COMPILER_GLOBAL_ACCENT_COLOR_NAME = AccentColor;
				CODE_SIGN_STYLE = Automatic;
				INFOPLIST_FILE = CarCollector/Info.plist;
				LD_RUNPATH_SEARCH_PATHS = (
					"$(inherited)",
					"@executable_path/Frameworks",
				);
				PRODUCT_BUNDLE_IDENTIFIER = "Oliver-Boulton-LTD.CarCollector";
				PRODUCT_NAME = "$(TARGET_NAME)";
				SWIFT_VERSION = 5.0;
				TARGETED_DEVICE_FAMILY = "1,2";
			};
			name = Debug;
		};
		790CF29B26126FFB00E38933 /* Release */ = {
			isa = XCBuildConfiguration;
			buildSettings = {
				ASSETCATALOG_COMPILER_APPICON_NAME = AppIcon;
				ASSETCATALOG_COMPILER_GLOBAL_ACCENT_COLOR_NAME = AccentColor;
				CODE_SIGN_STYLE = Automatic;
				INFOPLIST_FILE = CarCollector/Info.plist;
				LD_RUNPATH_SEARCH_PATHS = (
					"$(inherited)",
					"@executable_path/Frameworks",
				);
				PRODUCT_BUNDLE_IDENTIFIER = "Oliver-Boulton-LTD.CarCollector";
				PRODUCT_NAME = "$(TARGET_NAME)";
				SWIFT_VERSION = 5.0;
				TARGETED_DEVICE_FAMILY = "1,2";
			};
			name = Release;
		};
/* End XCBuildConfiguration section */

/* Begin XCConfigurationList section */
		790CF27D26126FF700E38933 /* Build configuration list for PBXProject "CarCollector" */ = {
			isa = XCConfigurationList;
			buildConfigurations = (
				790CF29726126FFB00E38933 /* Debug */,
				790CF29826126FFB00E38933 /* Release */,
			);
			defaultConfigurationIsVisible = 0;
			defaultConfigurationName = Release;
		};
		790CF29926126FFB00E38933 /* Build configuration list for PBXNativeTarget "CarCollector" */ = {
			isa = XCConfigurationList;
			buildConfigurations = (
				790CF29A26126FFB00E38933 /* Debug */,
				790CF29B26126FFB00E38933 /* Release */,
			);
			defaultConfigurationIsVisible = 0;
			defaultConfigurationName = Release;
		};
/* End XCConfigurationList section */

/* Begin XCVersionGroup section */
		790CF28E26126FF800E38933 /* CarCollector.xcdatamodeld */ = {
			isa = XCVersionGroup;
			children = (
				790CF28F26126FF800E38933 /* CarCollector.xcdatamodel */,
			);
			currentVersion = 790CF28F26126FF800E38933 /* CarCollector.xcdatamodel */;
			path = CarCollector.xcdatamodeld;
			sourceTree = "<group>";
			versionGroupType = wrapper.xcdatamodel;
		};
/* End XCVersionGroup section */
	};
	rootObject = 790CF27A26126FF700E38933 /* Project object */;
}
